
Microsoft Visual Studio Solution File, Format Version 12.00
# Visual Studio Version 17
VisualStudioVersion = 17.14.36429.23 d17.14
MinimumVisualStudioVersion = 10.0.40219.1
Project("{FAE04EC0-301F-11D3-BF4B-00C04F79EFBC}") = "RestClassRoomInvetory", "RestClassRoomInvetory\RestClassRoomInvetory.csproj", "{DD90D65D-8524-47BC-B2FD-064796A0DB7C}"
EndProject
Global
	GlobalSection(SolutionConfigurationPlatforms) = preSolution
		Debug|Any CPU = Debug|Any CPU
		Release|Any CPU = Release|Any CPU
	EndGlobalSection
	GlobalSection(ProjectConfigurationPlatforms) = postSolution
		{DD90D65D-8524-47BC-B2FD-064796A0DB7C}.Debug|Any CPU.ActiveCfg = Debug|Any CPU
		{DD90D65D-8524-47BC-B2FD-064796A0DB7C}.Debug|Any CPU.Build.0 = Debug|Any CPU
		{DD90D65D-8524-47BC-B2FD-064796A0DB7C}.Release|Any CPU.ActiveCfg = Release|Any CPU
		{DD90D65D-8524-47BC-B2FD-064796A0DB7C}.Release|Any CPU.Build.0 = Release|Any CPU
	EndGlobalSection
	GlobalSection(SolutionProperties) = preSolution
		HideSolutionNode = FALSE
	EndGlobalSection
	GlobalSection(ExtensibilityGlobals) = postSolution
		SolutionGuid = {B81CE0BD-7261-431A-A54F-9C12FF954556}
	EndGlobalSection
EndGlobal
